
Microsoft Visual Studio Solution File, Format Version 11.00
# Visual Studio 2010
Project("{FAE04EC0-301F-11D3-BF4B-00C04F79EFBC}") = "Oculus.Platform", "Oculus.Platform.csproj", "{f63615a2-82f3-8630-d097-df32698339bf}"
EndProject
Project("{FAE04EC0-301F-11D3-BF4B-00C04F79EFBC}") = "Assembly-CSharp", "Assembly-CSharp.csproj", "{0573ec41-b334-7c83-1c3d-6af8ff48a918}"
EndProject
Project("{FAE04EC0-301F-11D3-BF4B-00C04F79EFBC}") = "Oculus.Spatializer", "Oculus.Spatializer.csproj", "{75f71d72-f363-e951-33af-84e363dab3a7}"
EndProject
Project("{FAE04EC0-301F-11D3-BF4B-00C04F79EFBC}") = "Oculus.Interaction", "Oculus.Interaction.csproj", "{80272a27-7b38-88a9-dd7a-bd60a75dda67}"
EndProject
Project("{FAE04EC0-301F-11D3-BF4B-00C04F79EFBC}") = "Meta.WitAi", "Meta.WitAi.csproj", "{cbf70ee1-ef4e-8a85-407c-87fa9542f954}"
EndProject
Project("{FAE04EC0-301F-11D3-BF4B-00C04F79EFBC}") = "Oculus.Interaction.OVR.Samples", "Oculus.Interaction.OVR.Samples.csproj", "{13679bcd-f854-e313-415b-0953c009bb07}"
EndProject
Project("{FAE04EC0-301F-11D3-BF4B-00C04F79EFBC}") = "Oculus.VR", "Oculus.VR.csproj", "{fbaea36f-0129-132f-c954-b6723202bede}"
EndProject
Project("{FAE04EC0-301F-11D3-BF4B-00C04F79EFBC}") = "VoiceSDK.Dictation.Runtime", "VoiceSDK.Dictation.Runtime.csproj", "{0c9373f5-67d0-16c3-5501-37c9a4bb4593}"
EndProject
Project("{FAE04EC0-301F-11D3-BF4B-00C04F79EFBC}") = "Meta.WitAi.TTS", "Meta.WitAi.TTS.csproj", "{cc5b618f-c5d0-79fc-5f10-fb935e21c227}"
EndProject
Project("{FAE04EC0-301F-11D3-BF4B-00C04F79EFBC}") = "Oculus.AudioManager", "Oculus.AudioManager.csproj", "{a4910129-de61-dea8-f5df-4eb3cd473bde}"
EndProject
Project("{FAE04EC0-301F-11D3-BF4B-00C04F79EFBC}") = "VoiceSDK.Runtime", "VoiceSDK.Runtime.csproj", "{948ad184-d8e8-188e-5c1f-fd187f669fc9}"
EndProject
Project("{FAE04EC0-301F-11D3-BF4B-00C04F79EFBC}") = "Facebook.Wit.Dictation", "Facebook.Wit.Dictation.csproj", "{b05c85ef-4bb1-a916-24a8-f22477424123}"
EndProject
Project("{FAE04EC0-301F-11D3-BF4B-00C04F79EFBC}") = "Meta.WitAi.Lib", "Meta.WitAi.Lib.csproj", "{1f60e237-de26-a30e-da9c-3698d6dac2bc}"
EndProject
Project("{FAE04EC0-301F-11D3-BF4B-00C04F79EFBC}") = "Meta.WitAi.TTS.Samples", "Meta.WitAi.TTS.Samples.csproj", "{d889ae38-61ef-86b5-d45c-805b825728c6}"
EndProject
Project("{FAE04EC0-301F-11D3-BF4B-00C04F79EFBC}") = "Oculus.Voice.Demo", "Oculus.Voice.Demo.csproj", "{6344da00-84c7-16a3-ddcc-c7be01f28566}"
EndProject
Project("{FAE04EC0-301F-11D3-BF4B-00C04F79EFBC}") = "Oculus.Interaction.OVR", "Oculus.Interaction.OVR.csproj", "{dede3f63-7272-cb91-631c-7d8e38f2b190}"
EndProject
Project("{FAE04EC0-301F-11D3-BF4B-00C04F79EFBC}") = "AssistantCoreSDKRuntime", "AssistantCoreSDKRuntime.csproj", "{da2a36dc-d1f3-71b5-bed2-59293262209b}"
EndProject
Project("{FAE04EC0-301F-11D3-BF4B-00C04F79EFBC}") = "Meta.WitAi.Conduit", "Meta.WitAi.Conduit.csproj", "{0b251643-2d68-6347-c4ee-25ae6adec9f5}"
EndProject
Project("{FAE04EC0-301F-11D3-BF4B-00C04F79EFBC}") = "Oculus.LipSync", "Oculus.LipSync.csproj", "{ec80af9e-3829-9564-0052-19375762ce5f}"
EndProject
Project("{FAE04EC0-301F-11D3-BF4B-00C04F79EFBC}") = "Meta.VoiceSDK.Mic.Other", "Meta.VoiceSDK.Mic.Other.csproj", "{e3f880d2-bd78-887b-607b-fbb1eb2b30eb}"
EndProject
Project("{FAE04EC0-301F-11D3-BF4B-00C04F79EFBC}") = "Meta.VoiceSDK.Mic.Common", "Meta.VoiceSDK.Mic.Common.csproj", "{367a3ba8-ee17-6511-b28b-e1e0a6920c4e}"
EndProject
Project("{FAE04EC0-301F-11D3-BF4B-00C04F79EFBC}") = "Meta.WitAi.Editor", "Meta.WitAi.Editor.csproj", "{62291b86-ee9a-9cae-7f42-a637a6717003}"
EndProject
Project("{FAE04EC0-301F-11D3-BF4B-00C04F79EFBC}") = "Oculus.Interaction.Editor", "Oculus.Interaction.Editor.csproj", "{5c3258a5-e805-856d-0efa-416c7c8a169f}"
EndProject
Project("{FAE04EC0-301F-11D3-BF4B-00C04F79EFBC}") = "Meta.WitAI.Lib.Editor", "Meta.WitAI.Lib.Editor.csproj", "{3327efb3-f1ca-85a1-c6ec-1646e97b194b}"
EndProject
Project("{FAE04EC0-301F-11D3-BF4B-00C04F79EFBC}") = "Oculus.VR.Editor", "Oculus.VR.Editor.csproj", "{fab1d997-6b4d-28d1-8b92-8b4afee388a0}"
EndProject
Project("{FAE04EC0-301F-11D3-BF4B-00C04F79EFBC}") = "Meta.WitAi.Conduit.Editor", "Meta.WitAi.Conduit.Editor.csproj", "{1bb3fa3a-8fab-a288-8032-16af0ea8af26}"
EndProject
Project("{FAE04EC0-301F-11D3-BF4B-00C04F79EFBC}") = "Oculus.Interaction.OVR.Editor", "Oculus.Interaction.OVR.Editor.csproj", "{c80aea99-9f7a-4c35-918d-8ec7892b8cf6}"
EndProject
Project("{FAE04EC0-301F-11D3-BF4B-00C04F79EFBC}") = "Assembly-CSharp-Editor", "Assembly-CSharp-Editor.csproj", "{d0449ce6-7842-f5c7-ef31-e86d0023bddf}"
EndProject
Project("{FAE04EC0-301F-11D3-BF4B-00C04F79EFBC}") = "Oculus.Interaction.Samples.Editor", "Oculus.Interaction.Samples.Editor.csproj", "{a506ed6a-e386-41bd-8c7d-3f661a2d7136}"
EndProject
Project("{FAE04EC0-301F-11D3-BF4B-00C04F79EFBC}") = "Oculus.VR.Scripts.Editor", "Oculus.VR.Scripts.Editor.csproj", "{8f819c88-6c7a-f89a-925b-a7a027f18f9f}"
EndProject
Project("{FAE04EC0-301F-11D3-BF4B-00C04F79EFBC}") = "VoiceSDK.Editor", "VoiceSDK.Editor.csproj", "{1e51771b-4173-b47c-ef81-a885bb670c2d}"
EndProject
Project("{FAE04EC0-301F-11D3-BF4B-00C04F79EFBC}") = "Oculus.Spatializer.Editor", "Oculus.Spatializer.Editor.csproj", "{08ba739d-40e6-9cbe-72a3-8945c06414a4}"
EndProject
Project("{FAE04EC0-301F-11D3-BF4B-00C04F79EFBC}") = "Meta.WitAi.TTS.Editor", "Meta.WitAi.TTS.Editor.csproj", "{b8886350-76d5-4e21-d03e-aae13b6f7c16}"
EndProject
Project("{FAE04EC0-301F-11D3-BF4B-00C04F79EFBC}") = "Facebook.Wit.Dictation.Editor", "Facebook.Wit.Dictation.Editor.csproj", "{951cddf9-e4e4-e9d5-bd89-4d814553e415}"
EndProject
Project("{FAE04EC0-301F-11D3-BF4B-00C04F79EFBC}") = "VoiceSDK.Dictation.Editor", "VoiceSDK.Dictation.Editor.csproj", "{949d143c-0bb5-d3a0-2bdc-b73a8b374ffd}"
EndProject
Project("{FAE04EC0-301F-11D3-BF4B-00C04F79EFBC}") = "Oculus.Platform.Editor", "Oculus.Platform.Editor.csproj", "{b33975c8-afc7-8e79-064f-66c870c17132}"
EndProject
Project("{FAE04EC0-301F-11D3-BF4B-00C04F79EFBC}") = "Oculus.AudioManager.Audio.Editor", "Oculus.AudioManager.Audio.Editor.csproj", "{f94dea58-d07a-e4e4-d804-b605698ade86}"
EndProject
Project("{FAE04EC0-301F-11D3-BF4B-00C04F79EFBC}") = "Oculus.Interaction.InterfaceSupport", "Oculus.Interaction.InterfaceSupport.csproj", "{4d3850a8-48ff-d80a-a58e-004b74af6030}"
EndProject
Project("{FAE04EC0-301F-11D3-BF4B-00C04F79EFBC}") = "Oculus.LipSync.Editor", "Oculus.LipSync.Editor.csproj", "{502075fd-4429-dcd8-efce-ee56af24ea81}"
EndProject
Project("{FAE04EC0-301F-11D3-BF4B-00C04F79EFBC}") = "AssistantCoreSDKEditor", "AssistantCoreSDKEditor.csproj", "{4217f2e3-a8c8-4739-731b-c6752ba2ff4e}"
EndProject
Project("{FAE04EC0-301F-11D3-BF4B-00C04F79EFBC}") = "Oculus.AudioManager.Utils.Editor", "Oculus.AudioManager.Utils.Editor.csproj", "{6ac168fa-8e45-f93a-2376-7ced7ddb80ce}"
EndProject
Project("{FAE04EC0-301F-11D3-BF4B-00C04F79EFBC}") = "Assembly-CSharp-firstpass", "Assembly-CSharp-firstpass.csproj", "{bebdc788-dfcc-7b23-cd45-051319962a4e}"
EndProject
Global
	GlobalSection(SolutionConfigurationPlatforms) = preSolution
		Debug|Any CPU = Debug|Any CPU
	EndGlobalSection
	GlobalSection(ProjectConfigurationPlatforms) = postSolution
		{f63615a2-82f3-8630-d097-df32698339bf}.Debug|Any CPU.ActiveCfg = Debug|Any CPU
		{f63615a2-82f3-8630-d097-df32698339bf}.Debug|Any CPU.Build.0 = Debug|Any CPU
		{0573ec41-b334-7c83-1c3d-6af8ff48a918}.Debug|Any CPU.ActiveCfg = Debug|Any CPU
		{0573ec41-b334-7c83-1c3d-6af8ff48a918}.Debug|Any CPU.Build.0 = Debug|Any CPU
		{75f71d72-f363-e951-33af-84e363dab3a7}.Debug|Any CPU.ActiveCfg = Debug|Any CPU
		{75f71d72-f363-e951-33af-84e363dab3a7}.Debug|Any CPU.Build.0 = Debug|Any CPU
		{80272a27-7b38-88a9-dd7a-bd60a75dda67}.Debug|Any CPU.ActiveCfg = Debug|Any CPU
		{80272a27-7b38-88a9-dd7a-bd60a75dda67}.Debug|Any CPU.Build.0 = Debug|Any CPU
		{cbf70ee1-ef4e-8a85-407c-87fa9542f954}.Debug|Any CPU.ActiveCfg = Debug|Any CPU
		{cbf70ee1-ef4e-8a85-407c-87fa9542f954}.Debug|Any CPU.Build.0 = Debug|Any CPU
		{13679bcd-f854-e313-415b-0953c009bb07}.Debug|Any CPU.ActiveCfg = Debug|Any CPU
		{13679bcd-f854-e313-415b-0953c009bb07}.Debug|Any CPU.Build.0 = Debug|Any CPU
		{fbaea36f-0129-132f-c954-b6723202bede}.Debug|Any CPU.ActiveCfg = Debug|Any CPU
		{fbaea36f-0129-132f-c954-b6723202bede}.Debug|Any CPU.Build.0 = Debug|Any CPU
		{0c9373f5-67d0-16c3-5501-37c9a4bb4593}.Debug|Any CPU.ActiveCfg = Debug|Any CPU
		{0c9373f5-67d0-16c3-5501-37c9a4bb4593}.Debug|Any CPU.Build.0 = Debug|Any CPU
		{cc5b618f-c5d0-79fc-5f10-fb935e21c227}.Debug|Any CPU.ActiveCfg = Debug|Any CPU
		{cc5b618f-c5d0-79fc-5f10-fb935e21c227}.Debug|Any CPU.Build.0 = Debug|Any CPU
		{a4910129-de61-dea8-f5df-4eb3cd473bde}.Debug|Any CPU.ActiveCfg = Debug|Any CPU
		{a4910129-de61-dea8-f5df-4eb3cd473bde}.Debug|Any CPU.Build.0 = Debug|Any CPU
		{948ad184-d8e8-188e-5c1f-fd187f669fc9}.Debug|Any CPU.ActiveCfg = Debug|Any CPU
		{948ad184-d8e8-188e-5c1f-fd187f669fc9}.Debug|Any CPU.Build.0 = Debug|Any CPU
		{b05c85ef-4bb1-a916-24a8-f22477424123}.Debug|Any CPU.ActiveCfg = Debug|Any CPU
		{b05c85ef-4bb1-a916-24a8-f22477424123}.Debug|Any CPU.Build.0 = Debug|Any CPU
		{1f60e237-de26-a30e-da9c-3698d6dac2bc}.Debug|Any CPU.ActiveCfg = Debug|Any CPU
		{1f60e237-de26-a30e-da9c-3698d6dac2bc}.Debug|Any CPU.Build.0 = Debug|Any CPU
		{d889ae38-61ef-86b5-d45c-805b825728c6}.Debug|Any CPU.ActiveCfg = Debug|Any CPU
		{d889ae38-61ef-86b5-d45c-805b825728c6}.Debug|Any CPU.Build.0 = Debug|Any CPU
		{6344da00-84c7-16a3-ddcc-c7be01f28566}.Debug|Any CPU.ActiveCfg = Debug|Any CPU
		{6344da00-84c7-16a3-ddcc-c7be01f28566}.Debug|Any CPU.Build.0 = Debug|Any CPU
		{dede3f63-7272-cb91-631c-7d8e38f2b190}.Debug|Any CPU.ActiveCfg = Debug|Any CPU
		{dede3f63-7272-cb91-631c-7d8e38f2b190}.Debug|Any CPU.Build.0 = Debug|Any CPU
		{da2a36dc-d1f3-71b5-bed2-59293262209b}.Debug|Any CPU.ActiveCfg = Debug|Any CPU
		{da2a36dc-d1f3-71b5-bed2-59293262209b}.Debug|Any CPU.Build.0 = Debug|Any CPU
		{0b251643-2d68-6347-c4ee-25ae6adec9f5}.Debug|Any CPU.ActiveCfg = Debug|Any CPU
		{0b251643-2d68-6347-c4ee-25ae6adec9f5}.Debug|Any CPU.Build.0 = Debug|Any CPU
		{ec80af9e-3829-9564-0052-19375762ce5f}.Debug|Any CPU.ActiveCfg = Debug|Any CPU
		{ec80af9e-3829-9564-0052-19375762ce5f}.Debug|Any CPU.Build.0 = Debug|Any CPU
		{e3f880d2-bd78-887b-607b-fbb1eb2b30eb}.Debug|Any CPU.ActiveCfg = Debug|Any CPU
		{e3f880d2-bd78-887b-607b-fbb1eb2b30eb}.Debug|Any CPU.Build.0 = Debug|Any CPU
		{367a3ba8-ee17-6511-b28b-e1e0a6920c4e}.Debug|Any CPU.ActiveCfg = Debug|Any CPU
		{367a3ba8-ee17-6511-b28b-e1e0a6920c4e}.Debug|Any CPU.Build.0 = Debug|Any CPU
		{62291b86-ee9a-9cae-7f42-a637a6717003}.Debug|Any CPU.ActiveCfg = Debug|Any CPU
		{62291b86-ee9a-9cae-7f42-a637a6717003}.Debug|Any CPU.Build.0 = Debug|Any CPU
		{5c3258a5-e805-856d-0efa-416c7c8a169f}.Debug|Any CPU.ActiveCfg = Debug|Any CPU
		{5c3258a5-e805-856d-0efa-416c7c8a169f}.Debug|Any CPU.Build.0 = Debug|Any CPU
		{3327efb3-f1ca-85a1-c6ec-1646e97b194b}.Debug|Any CPU.ActiveCfg = Debug|Any CPU
		{3327efb3-f1ca-85a1-c6ec-1646e97b194b}.Debug|Any CPU.Build.0 = Debug|Any CPU
		{fab1d997-6b4d-28d1-8b92-8b4afee388a0}.Debug|Any CPU.ActiveCfg = Debug|Any CPU
		{fab1d997-6b4d-28d1-8b92-8b4afee388a0}.Debug|Any CPU.Build.0 = Debug|Any CPU
		{1bb3fa3a-8fab-a288-8032-16af0ea8af26}.Debug|Any CPU.ActiveCfg = Debug|Any CPU
		{1bb3fa3a-8fab-a288-8032-16af0ea8af26}.Debug|Any CPU.Build.0 = Debug|Any CPU
		{c80aea99-9f7a-4c35-918d-8ec7892b8cf6}.Debug|Any CPU.ActiveCfg = Debug|Any CPU
		{c80aea99-9f7a-4c35-918d-8ec7892b8cf6}.Debug|Any CPU.Build.0 = Debug|Any CPU
		{d0449ce6-7842-f5c7-ef31-e86d0023bddf}.Debug|Any CPU.ActiveCfg = Debug|Any CPU
		{d0449ce6-7842-f5c7-ef31-e86d0023bddf}.Debug|Any CPU.Build.0 = Debug|Any CPU
		{a506ed6a-e386-41bd-8c7d-3f661a2d7136}.Debug|Any CPU.ActiveCfg = Debug|Any CPU
		{a506ed6a-e386-41bd-8c7d-3f661a2d7136}.Debug|Any CPU.Build.0 = Debug|Any CPU
		{8f819c88-6c7a-f89a-925b-a7a027f18f9f}.Debug|Any CPU.ActiveCfg = Debug|Any CPU
		{8f819c88-6c7a-f89a-925b-a7a027f18f9f}.Debug|Any CPU.Build.0 = Debug|Any CPU
		{1e51771b-4173-b47c-ef81-a885bb670c2d}.Debug|Any CPU.ActiveCfg = Debug|Any CPU
		{1e51771b-4173-b47c-ef81-a885bb670c2d}.Debug|Any CPU.Build.0 = Debug|Any CPU
		{08ba739d-40e6-9cbe-72a3-8945c06414a4}.Debug|Any CPU.ActiveCfg = Debug|Any CPU
		{08ba739d-40e6-9cbe-72a3-8945c06414a4}.Debug|Any CPU.Build.0 = Debug|Any CPU
		{b8886350-76d5-4e21-d03e-aae13b6f7c16}.Debug|Any CPU.ActiveCfg = Debug|Any CPU
		{b8886350-76d5-4e21-d03e-aae13b6f7c16}.Debug|Any CPU.Build.0 = Debug|Any CPU
		{951cddf9-e4e4-e9d5-bd89-4d814553e415}.Debug|Any CPU.ActiveCfg = Debug|Any CPU
		{951cddf9-e4e4-e9d5-bd89-4d814553e415}.Debug|Any CPU.Build.0 = Debug|Any CPU
		{949d143c-0bb5-d3a0-2bdc-b73a8b374ffd}.Debug|Any CPU.ActiveCfg = Debug|Any CPU
		{949d143c-0bb5-d3a0-2bdc-b73a8b374ffd}.Debug|Any CPU.Build.0 = Debug|Any CPU
		{b33975c8-afc7-8e79-064f-66c870c17132}.Debug|Any CPU.ActiveCfg = Debug|Any CPU
		{b33975c8-afc7-8e79-064f-66c870c17132}.Debug|Any CPU.Build.0 = Debug|Any CPU
		{f94dea58-d07a-e4e4-d804-b605698ade86}.Debug|Any CPU.ActiveCfg = Debug|Any CPU
		{f94dea58-d07a-e4e4-d804-b605698ade86}.Debug|Any CPU.Build.0 = Debug|Any CPU
		{4d3850a8-48ff-d80a-a58e-004b74af6030}.Debug|Any CPU.ActiveCfg = Debug|Any CPU
		{4d3850a8-48ff-d80a-a58e-004b74af6030}.Debug|Any CPU.Build.0 = Debug|Any CPU
		{502075fd-4429-dcd8-efce-ee56af24ea81}.Debug|Any CPU.ActiveCfg = Debug|Any CPU
		{502075fd-4429-dcd8-efce-ee56af24ea81}.Debug|Any CPU.Build.0 = Debug|Any CPU
		{4217f2e3-a8c8-4739-731b-c6752ba2ff4e}.Debug|Any CPU.ActiveCfg = Debug|Any CPU
		{4217f2e3-a8c8-4739-731b-c6752ba2ff4e}.Debug|Any CPU.Build.0 = Debug|Any CPU
		{6ac168fa-8e45-f93a-2376-7ced7ddb80ce}.Debug|Any CPU.ActiveCfg = Debug|Any CPU
		{6ac168fa-8e45-f93a-2376-7ced7ddb80ce}.Debug|Any CPU.Build.0 = Debug|Any CPU
		{bebdc788-dfcc-7b23-cd45-051319962a4e}.Debug|Any CPU.ActiveCfg = Debug|Any CPU
		{bebdc788-dfcc-7b23-cd45-051319962a4e}.Debug|Any CPU.Build.0 = Debug|Any CPU
	EndGlobalSection
	GlobalSection(SolutionProperties) = preSolution
		HideSolutionNode = FALSE
	EndGlobalSection
EndGlobal
